
Microsoft Visual Studio Solution File, Format Version 12.00
# Visual Studio Version 16
VisualStudioVersion = 17.0.31611.283
MinimumVisualStudioVersion = 10.0.40219.1
Project("{9A19103F-16F7-4668-BE54-9A1E7A4F7556}") = "ResizableRectGraphics", "ResizableRectGraphics\ResizableRectGraphics.csproj", "{BFBC37C7-2E9E-450A-9172-3E34283C8B03}"
EndProject
Project("{FAE04EC0-301F-11D3-BF4B-00C04F79EFBC}") = "LoadCamera", "LoadCamera\LoadCamera.csproj", "{86CF1E20-1F72-43EF-820E-96E58BCDE694}"
EndProject
Project("{FAE04EC0-301F-11D3-BF4B-00C04F79EFBC}") = "PaintOnCanvas", "PaintOnCanvas\PaintOnCanvas.csproj", "{F734BB8F-7F1B-4A0E-8DA3-7A093079CB38}"
EndProject
Global
	GlobalSection(SolutionConfigurationPlatforms) = preSolution
		Debug|Any CPU = Debug|Any CPU
		Release|Any CPU = Release|Any CPU
	EndGlobalSection
	GlobalSection(ProjectConfigurationPlatforms) = postSolution
		{BFBC37C7-2E9E-450A-9172-3E34283C8B03}.Debug|Any CPU.ActiveCfg = Debug|Any CPU
		{BFBC37C7-2E9E-450A-9172-3E34283C8B03}.Debug|Any CPU.Build.0 = Debug|Any CPU
		{BFBC37C7-2E9E-450A-9172-3E34283C8B03}.Debug|Any CPU.Deploy.0 = Debug|Any CPU
		{BFBC37C7-2E9E-450A-9172-3E34283C8B03}.Release|Any CPU.ActiveCfg = Release|Any CPU
		{BFBC37C7-2E9E-450A-9172-3E34283C8B03}.Release|Any CPU.Build.0 = Release|Any CPU
		{BFBC37C7-2E9E-450A-9172-3E34283C8B03}.Release|Any CPU.Deploy.0 = Release|Any CPU
		{86CF1E20-1F72-43EF-820E-96E58BCDE694}.Debug|Any CPU.ActiveCfg = Debug|Any CPU
		{86CF1E20-1F72-43EF-820E-96E58BCDE694}.Debug|Any CPU.Build.0 = Debug|Any CPU
		{86CF1E20-1F72-43EF-820E-96E58BCDE694}.Release|Any CPU.ActiveCfg = Release|Any CPU
		{86CF1E20-1F72-43EF-820E-96E58BCDE694}.Release|Any CPU.Build.0 = Release|Any CPU
		{F734BB8F-7F1B-4A0E-8DA3-7A093079CB38}.Debug|Any CPU.ActiveCfg = Debug|Any CPU
		{F734BB8F-7F1B-4A0E-8DA3-7A093079CB38}.Debug|Any CPU.Build.0 = Debug|Any CPU
		{F734BB8F-7F1B-4A0E-8DA3-7A093079CB38}.Release|Any CPU.ActiveCfg = Release|Any CPU
		{F734BB8F-7F1B-4A0E-8DA3-7A093079CB38}.Release|Any CPU.Build.0 = Release|Any CPU
	EndGlobalSection
	GlobalSection(SolutionProperties) = preSolution
		HideSolutionNode = FALSE
	EndGlobalSection
	GlobalSection(ExtensibilityGlobals) = postSolution
		SolutionGuid = {61F7FB11-1E47-470C-91E2-47F8143E1572}
	EndGlobalSection
EndGlobal
